
Microsoft Visual Studio Solution File, Format Version 12.00
# Visual Studio Version 16
VisualStudioVersion = 16.0.29418.71
MinimumVisualStudioVersion = 10.0.40219.1
Project("{9A19103F-16F7-4668-BE54-9A1E7A4F7556}") = "CleansingApp", "CleansingApp\CleansingApp.csproj", "{45ED06B4-97BE-4D0B-A7A6-0ACC1739D0D8}"
EndProject
Project("{9A19103F-16F7-4668-BE54-9A1E7A4F7556}") = "CleansingAppML.Model", "CleansingAppML.Model\CleansingAppML.Model.csproj", "{50D68557-92B6-4F61-9B95-B54F07339A4A}"
EndProject
Project("{9A19103F-16F7-4668-BE54-9A1E7A4F7556}") = "CleansingAppML.ConsoleApp", "CleansingAppML.ConsoleApp\CleansingAppML.ConsoleApp.csproj", "{4D516243-562E-4B78-A8C8-96D31670DC9E}"
EndProject
Global
	GlobalSection(SolutionConfigurationPlatforms) = preSolution
		Debug|Any CPU = Debug|Any CPU
		Release|Any CPU = Release|Any CPU
	EndGlobalSection
	GlobalSection(ProjectConfigurationPlatforms) = postSolution
		{45ED06B4-97BE-4D0B-A7A6-0ACC1739D0D8}.Debug|Any CPU.ActiveCfg = Debug|Any CPU
		{45ED06B4-97BE-4D0B-A7A6-0ACC1739D0D8}.Debug|Any CPU.Build.0 = Debug|Any CPU
		{45ED06B4-97BE-4D0B-A7A6-0ACC1739D0D8}.Release|Any CPU.ActiveCfg = Release|Any CPU
		{45ED06B4-97BE-4D0B-A7A6-0ACC1739D0D8}.Release|Any CPU.Build.0 = Release|Any CPU
		{50D68557-92B6-4F61-9B95-B54F07339A4A}.Debug|Any CPU.ActiveCfg = Debug|Any CPU
		{50D68557-92B6-4F61-9B95-B54F07339A4A}.Debug|Any CPU.Build.0 = Debug|Any CPU
		{50D68557-92B6-4F61-9B95-B54F07339A4A}.Release|Any CPU.ActiveCfg = Release|Any CPU
		{50D68557-92B6-4F61-9B95-B54F07339A4A}.Release|Any CPU.Build.0 = Release|Any CPU
		{4D516243-562E-4B78-A8C8-96D31670DC9E}.Debug|Any CPU.ActiveCfg = Debug|Any CPU
		{4D516243-562E-4B78-A8C8-96D31670DC9E}.Debug|Any CPU.Build.0 = Debug|Any CPU
		{4D516243-562E-4B78-A8C8-96D31670DC9E}.Release|Any CPU.ActiveCfg = Release|Any CPU
		{4D516243-562E-4B78-A8C8-96D31670DC9E}.Release|Any CPU.Build.0 = Release|Any CPU
	EndGlobalSection
	GlobalSection(SolutionProperties) = preSolution
		HideSolutionNode = FALSE
	EndGlobalSection
	GlobalSection(ExtensibilityGlobals) = postSolution
		SolutionGuid = {BA29FC20-214E-4CB5-B46D-A12A0CB680FC}
	EndGlobalSection
EndGlobal
